{
  "requires": true,
  "lockfileVersion": 1,
  "dependencies": {
    "d3": {
      "version": "3.5.17",
      "resolved": "https://registry.npmjs.org/d3/-/d3-3.5.17.tgz",
      "integrity": "sha1-vEZ0gAQ3iyGjYMn8fPUjF5B2L7g="
    },
    "dygraphs": {
      "version": "2.1.0",
      "resolved": "https://registry.npmjs.org/dygraphs/-/dygraphs-2.1.0.tgz",
      "integrity": "sha1-L7/SyAPq0CMH3z+vjU3T71XLIHU="
    },
    "rickshaw": {
      "version": "1.6.6",
      "resolved": "https://registry.npmjs.org/rickshaw/-/rickshaw-1.6.6.tgz",
      "integrity": "sha512-Sqx861z9IAcUWHPg28sbPe/6Uo+CfTb2mJqXSKbIjf3Nf1RfPFOpOklrtIfTAzCo3ob0+PwWCl2XZpGujpJ7tA==",
      "requires": {
        "d3": "3.5.17"
      }
    }
  }
}
